
Microsoft Visual Studio Solution File, Format Version 12.00
# Visual Studio Version 17
VisualStudioVersion = 17.4.33205.214
MinimumVisualStudioVersion = 10.0.40219.1
Project("{FAE04EC0-301F-11D3-BF4B-00C04F79EFBC}") = "GA+Intergado.CR2.Domain.Shared", "GA+Intergado.CR2.Domain.Shared\GA+Intergado.CR2.Domain.Shared.csproj", "{CBE634F0-AC30-4628-B632-AF8ADBE9D2ED}"
EndProject
Project("{FAE04EC0-301F-11D3-BF4B-00C04F79EFBC}") = "GA+Intergado.CR2.Domain", "GA+Intergado.CR2.Domain\GA+Intergado.CR2.Domain.csproj", "{2B76ADAD-D917-4D38-B427-67FCD9E12038}"
EndProject
Project("{FAE04EC0-301F-11D3-BF4B-00C04F79EFBC}") = "GA+Intergado.CR2.EntityFrameworkCore", "GA+Intergado.CR2.EntityFrameworkCore\GA+Intergado.CR2.EntityFrameworkCore.csproj", "{D7109C08-129B-405D-8936-5C2908C9AFEB}"
EndProject
Global
	GlobalSection(SolutionConfigurationPlatforms) = preSolution
		Debug|Any CPU = Debug|Any CPU
		Release|Any CPU = Release|Any CPU
	EndGlobalSection
	GlobalSection(ProjectConfigurationPlatforms) = postSolution
		{CBE634F0-AC30-4628-B632-AF8ADBE9D2ED}.Debug|Any CPU.ActiveCfg = Debug|Any CPU
		{CBE634F0-AC30-4628-B632-AF8ADBE9D2ED}.Debug|Any CPU.Build.0 = Debug|Any CPU
		{CBE634F0-AC30-4628-B632-AF8ADBE9D2ED}.Release|Any CPU.ActiveCfg = Release|Any CPU
		{CBE634F0-AC30-4628-B632-AF8ADBE9D2ED}.Release|Any CPU.Build.0 = Release|Any CPU
		{2B76ADAD-D917-4D38-B427-67FCD9E12038}.Debug|Any CPU.ActiveCfg = Debug|Any CPU
		{2B76ADAD-D917-4D38-B427-67FCD9E12038}.Debug|Any CPU.Build.0 = Debug|Any CPU
		{2B76ADAD-D917-4D38-B427-67FCD9E12038}.Release|Any CPU.ActiveCfg = Release|Any CPU
		{2B76ADAD-D917-4D38-B427-67FCD9E12038}.Release|Any CPU.Build.0 = Release|Any CPU
		{D7109C08-129B-405D-8936-5C2908C9AFEB}.Debug|Any CPU.ActiveCfg = Debug|Any CPU
		{D7109C08-129B-405D-8936-5C2908C9AFEB}.Debug|Any CPU.Build.0 = Debug|Any CPU
		{D7109C08-129B-405D-8936-5C2908C9AFEB}.Release|Any CPU.ActiveCfg = Release|Any CPU
		{D7109C08-129B-405D-8936-5C2908C9AFEB}.Release|Any CPU.Build.0 = Release|Any CPU
	EndGlobalSection
	GlobalSection(SolutionProperties) = preSolution
		HideSolutionNode = FALSE
	EndGlobalSection
	GlobalSection(ExtensibilityGlobals) = postSolution
		SolutionGuid = {EFE0CBEA-CCCC-4241-9472-2554427FFB99}
	EndGlobalSection
EndGlobal
